
Microsoft Visual Studio Solution File, Format Version 12.00
Project("{FAE04EC0-301F-11D3-BF4B-00C04F79EFBC}") = "NGP.PetShopApp2021.UI", "NGP.PetShopApp2021.UI\NGP.PetShopApp2021.UI.csproj", "{64F3FA4B-E33D-4429-AF8B-1B5860DE9BAC}"
EndProject
Global
	GlobalSection(SolutionConfigurationPlatforms) = preSolution
		Debug|Any CPU = Debug|Any CPU
		Release|Any CPU = Release|Any CPU
	EndGlobalSection
	GlobalSection(ProjectConfigurationPlatforms) = postSolution
		{64F3FA4B-E33D-4429-AF8B-1B5860DE9BAC}.Debug|Any CPU.ActiveCfg = Debug|Any CPU
		{64F3FA4B-E33D-4429-AF8B-1B5860DE9BAC}.Debug|Any CPU.Build.0 = Debug|Any CPU
		{64F3FA4B-E33D-4429-AF8B-1B5860DE9BAC}.Release|Any CPU.ActiveCfg = Release|Any CPU
		{64F3FA4B-E33D-4429-AF8B-1B5860DE9BAC}.Release|Any CPU.Build.0 = Release|Any CPU
	EndGlobalSection
EndGlobal
