
Microsoft Visual Studio Solution File, Format Version 12.00
Project("{FAE04EC0-301F-11D3-BF4B-00C04F79EFBC}") = "NGP.PetShopApp2021.UI", "NGP.PetShopApp2021.UI\NGP.PetShopApp2021.UI.csproj", "{64F3FA4B-E33D-4429-AF8B-1B5860DE9BAC}"
EndProject
Project("{2150E333-8FDC-42A3-9474-1A3956D46DE8}") = "Core", "Core", "{08B7637E-B407-4C49-AA30-05CA63F09560}"
EndProject
Project("{2150E333-8FDC-42A3-9474-1A3956D46DE8}") = "Infrastructure", "Infrastructure", "{9F3004A2-6C12-4654-82BB-B6E5D9695F3A}"
EndProject
Project("{2150E333-8FDC-42A3-9474-1A3956D46DE8}") = "UI", "UI", "{F60B3C65-4C74-426B-84CA-1FE335A625A7}"
EndProject
Project("{FAE04EC0-301F-11D3-BF4B-00C04F79EFBC}") = "NGP.PetShopApp2021.Core", "NGP.PetShopApp2021.Core\NGP.PetShopApp2021.Core.csproj", "{4CF0899C-65C0-4310-B7CB-7F2D7ED8E21B}"
EndProject
Project("{FAE04EC0-301F-11D3-BF4B-00C04F79EFBC}") = "NGP.PetShopApp2021.Domain", "NGP.PetShopApp2021.Domain\NGP.PetShopApp2021.Domain.csproj", "{8920D7B5-1118-4C8C-A70A-8AE4364DAF59}"
EndProject
Project("{FAE04EC0-301F-11D3-BF4B-00C04F79EFBC}") = "NGP.PetShopApp2021.Infrastructure.Data", "NGP.PetShopApp2021.Infrastructure.Data\NGP.PetShopApp2021.Infrastructure.Data.csproj", "{5CAD0CE8-5946-4DF6-BE1E-45AC3EAB17DE}"
EndProject
Project("{FAE04EC0-301F-11D3-BF4B-00C04F79EFBC}") = "NGP.PetShopApp2021..WebApi", "NGP.PetShopApp2021..WebApi\NGP.PetShopApp2021..WebApi.csproj", "{D4DC935B-3A4F-45DE-A63A-3ACCE456CE63}"
EndProject
Project("{FAE04EC0-301F-11D3-BF4B-00C04F79EFBC}") = "NGP.PetShop2021.EF", "NGP.PetShop2021.EF\NGP.PetShop2021.EF.csproj", "{7301C6ED-F3AF-45DA-9576-8962A4D69ACE}"
EndProject
Project("{2150E333-8FDC-42A3-9474-1A3956D46DE8}") = "Security", "Security", "{03DD328B-B120-4DF5-A1C2-50395A695AD4}"
EndProject
Project("{FAE04EC0-301F-11D3-BF4B-00C04F79EFBC}") = "MySecurity", "MySecurity\MySecurity.csproj", "{DA807B3F-A868-473B-AFDE-CF105143A02E}"
EndProject
Global
	GlobalSection(SolutionConfigurationPlatforms) = preSolution
		Debug|Any CPU = Debug|Any CPU
		Release|Any CPU = Release|Any CPU
	EndGlobalSection
	GlobalSection(ProjectConfigurationPlatforms) = postSolution
		{64F3FA4B-E33D-4429-AF8B-1B5860DE9BAC}.Debug|Any CPU.ActiveCfg = Debug|Any CPU
		{64F3FA4B-E33D-4429-AF8B-1B5860DE9BAC}.Debug|Any CPU.Build.0 = Debug|Any CPU
		{64F3FA4B-E33D-4429-AF8B-1B5860DE9BAC}.Release|Any CPU.ActiveCfg = Release|Any CPU
		{64F3FA4B-E33D-4429-AF8B-1B5860DE9BAC}.Release|Any CPU.Build.0 = Release|Any CPU
		{4CF0899C-65C0-4310-B7CB-7F2D7ED8E21B}.Debug|Any CPU.ActiveCfg = Debug|Any CPU
		{4CF0899C-65C0-4310-B7CB-7F2D7ED8E21B}.Debug|Any CPU.Build.0 = Debug|Any CPU
		{4CF0899C-65C0-4310-B7CB-7F2D7ED8E21B}.Release|Any CPU.ActiveCfg = Release|Any CPU
		{4CF0899C-65C0-4310-B7CB-7F2D7ED8E21B}.Release|Any CPU.Build.0 = Release|Any CPU
		{8920D7B5-1118-4C8C-A70A-8AE4364DAF59}.Debug|Any CPU.ActiveCfg = Debug|Any CPU
		{8920D7B5-1118-4C8C-A70A-8AE4364DAF59}.Debug|Any CPU.Build.0 = Debug|Any CPU
		{8920D7B5-1118-4C8C-A70A-8AE4364DAF59}.Release|Any CPU.ActiveCfg = Release|Any CPU
		{8920D7B5-1118-4C8C-A70A-8AE4364DAF59}.Release|Any CPU.Build.0 = Release|Any CPU
		{5CAD0CE8-5946-4DF6-BE1E-45AC3EAB17DE}.Debug|Any CPU.ActiveCfg = Debug|Any CPU
		{5CAD0CE8-5946-4DF6-BE1E-45AC3EAB17DE}.Debug|Any CPU.Build.0 = Debug|Any CPU
		{5CAD0CE8-5946-4DF6-BE1E-45AC3EAB17DE}.Release|Any CPU.ActiveCfg = Release|Any CPU
		{5CAD0CE8-5946-4DF6-BE1E-45AC3EAB17DE}.Release|Any CPU.Build.0 = Release|Any CPU
		{D4DC935B-3A4F-45DE-A63A-3ACCE456CE63}.Debug|Any CPU.ActiveCfg = Debug|Any CPU
		{D4DC935B-3A4F-45DE-A63A-3ACCE456CE63}.Debug|Any CPU.Build.0 = Debug|Any CPU
		{D4DC935B-3A4F-45DE-A63A-3ACCE456CE63}.Release|Any CPU.ActiveCfg = Release|Any CPU
		{D4DC935B-3A4F-45DE-A63A-3ACCE456CE63}.Release|Any CPU.Build.0 = Release|Any CPU
		{7301C6ED-F3AF-45DA-9576-8962A4D69ACE}.Debug|Any CPU.ActiveCfg = Debug|Any CPU
		{7301C6ED-F3AF-45DA-9576-8962A4D69ACE}.Debug|Any CPU.Build.0 = Debug|Any CPU
		{7301C6ED-F3AF-45DA-9576-8962A4D69ACE}.Release|Any CPU.ActiveCfg = Release|Any CPU
		{7301C6ED-F3AF-45DA-9576-8962A4D69ACE}.Release|Any CPU.Build.0 = Release|Any CPU
		{DA807B3F-A868-473B-AFDE-CF105143A02E}.Debug|Any CPU.ActiveCfg = Debug|Any CPU
		{DA807B3F-A868-473B-AFDE-CF105143A02E}.Debug|Any CPU.Build.0 = Debug|Any CPU
		{DA807B3F-A868-473B-AFDE-CF105143A02E}.Release|Any CPU.ActiveCfg = Release|Any CPU
		{DA807B3F-A868-473B-AFDE-CF105143A02E}.Release|Any CPU.Build.0 = Release|Any CPU
	EndGlobalSection
	GlobalSection(NestedProjects) = preSolution
		{64F3FA4B-E33D-4429-AF8B-1B5860DE9BAC} = {F60B3C65-4C74-426B-84CA-1FE335A625A7}
		{4CF0899C-65C0-4310-B7CB-7F2D7ED8E21B} = {08B7637E-B407-4C49-AA30-05CA63F09560}
		{8920D7B5-1118-4C8C-A70A-8AE4364DAF59} = {08B7637E-B407-4C49-AA30-05CA63F09560}
		{5CAD0CE8-5946-4DF6-BE1E-45AC3EAB17DE} = {9F3004A2-6C12-4654-82BB-B6E5D9695F3A}
		{D4DC935B-3A4F-45DE-A63A-3ACCE456CE63} = {F60B3C65-4C74-426B-84CA-1FE335A625A7}
		{7301C6ED-F3AF-45DA-9576-8962A4D69ACE} = {9F3004A2-6C12-4654-82BB-B6E5D9695F3A}
		{DA807B3F-A868-473B-AFDE-CF105143A02E} = {03DD328B-B120-4DF5-A1C2-50395A695AD4}
	EndGlobalSection
EndGlobal
